
Microsoft Visual Studio Solution File, Format Version 12.00
# Visual Studio Version 16
VisualStudioVersion = 16.0.29102.190
MinimumVisualStudioVersion = 10.0.40219.1
Project("{FAE04EC0-301F-11D3-BF4B-00C04F79EFBC}") = "EbeveynKontrol.WinFormUI", "EbeveynKontrol.WinFormUI\EbeveynKontrol.WinFormUI.csproj", "{BEDBB2F2-0D67-4BC0-8D66-AA731C8ED2D3}"
EndProject
Project("{FAE04EC0-301F-11D3-BF4B-00C04F79EFBC}") = "EbeveynKontrol.Entity", "EbeveynKontrol.Entity\EbeveynKontrol.Entity.csproj", "{B09ABBED-9CED-4CC5-ABC7-8ACEFAE86443}"
EndProject
Project("{FAE04EC0-301F-11D3-BF4B-00C04F79EFBC}") = "EbeveynKontrol.Dal", "EbeveynKontrol.Dal\EbeveynKontrol.Dal.csproj", "{83A905D4-7A81-4796-ABDD-B8AB31E6DCBC}"
EndProject
Project("{FAE04EC0-301F-11D3-BF4B-00C04F79EFBC}") = "EbeveynKontrol.Bll", "EbeveynKontrol.Bll\EbeveynKontrol.Bll.csproj", "{FBD2257D-01E1-42F6-94BD-C77283EAC7E2}"
EndProject
Project("{FAE04EC0-301F-11D3-BF4B-00C04F79EFBC}") = "EbeveynKontrol.WebMvcUI", "EbeveynKontrol.WebMvcUI\EbeveynKontrol.WebMvcUI.csproj", "{C7814EF0-5B3B-4552-9E9C-11EADBE0CB7F}"
EndProject
Global
	GlobalSection(SolutionConfigurationPlatforms) = preSolution
		Debug|Any CPU = Debug|Any CPU
		Release|Any CPU = Release|Any CPU
	EndGlobalSection
	GlobalSection(ProjectConfigurationPlatforms) = postSolution
		{BEDBB2F2-0D67-4BC0-8D66-AA731C8ED2D3}.Debug|Any CPU.ActiveCfg = Debug|Any CPU
		{BEDBB2F2-0D67-4BC0-8D66-AA731C8ED2D3}.Debug|Any CPU.Build.0 = Debug|Any CPU
		{BEDBB2F2-0D67-4BC0-8D66-AA731C8ED2D3}.Release|Any CPU.ActiveCfg = Release|Any CPU
		{BEDBB2F2-0D67-4BC0-8D66-AA731C8ED2D3}.Release|Any CPU.Build.0 = Release|Any CPU
		{B09ABBED-9CED-4CC5-ABC7-8ACEFAE86443}.Debug|Any CPU.ActiveCfg = Debug|Any CPU
		{B09ABBED-9CED-4CC5-ABC7-8ACEFAE86443}.Debug|Any CPU.Build.0 = Debug|Any CPU
		{B09ABBED-9CED-4CC5-ABC7-8ACEFAE86443}.Release|Any CPU.ActiveCfg = Release|Any CPU
		{B09ABBED-9CED-4CC5-ABC7-8ACEFAE86443}.Release|Any CPU.Build.0 = Release|Any CPU
		{83A905D4-7A81-4796-ABDD-B8AB31E6DCBC}.Debug|Any CPU.ActiveCfg = Debug|Any CPU
		{83A905D4-7A81-4796-ABDD-B8AB31E6DCBC}.Debug|Any CPU.Build.0 = Debug|Any CPU
		{83A905D4-7A81-4796-ABDD-B8AB31E6DCBC}.Release|Any CPU.ActiveCfg = Release|Any CPU
		{83A905D4-7A81-4796-ABDD-B8AB31E6DCBC}.Release|Any CPU.Build.0 = Release|Any CPU
		{FBD2257D-01E1-42F6-94BD-C77283EAC7E2}.Debug|Any CPU.ActiveCfg = Debug|Any CPU
		{FBD2257D-01E1-42F6-94BD-C77283EAC7E2}.Debug|Any CPU.Build.0 = Debug|Any CPU
		{FBD2257D-01E1-42F6-94BD-C77283EAC7E2}.Release|Any CPU.ActiveCfg = Release|Any CPU
		{FBD2257D-01E1-42F6-94BD-C77283EAC7E2}.Release|Any CPU.Build.0 = Release|Any CPU
		{C7814EF0-5B3B-4552-9E9C-11EADBE0CB7F}.Debug|Any CPU.ActiveCfg = Debug|Any CPU
		{C7814EF0-5B3B-4552-9E9C-11EADBE0CB7F}.Debug|Any CPU.Build.0 = Debug|Any CPU
		{C7814EF0-5B3B-4552-9E9C-11EADBE0CB7F}.Release|Any CPU.ActiveCfg = Release|Any CPU
		{C7814EF0-5B3B-4552-9E9C-11EADBE0CB7F}.Release|Any CPU.Build.0 = Release|Any CPU
	EndGlobalSection
	GlobalSection(SolutionProperties) = preSolution
		HideSolutionNode = FALSE
	EndGlobalSection
	GlobalSection(ExtensibilityGlobals) = postSolution
		SolutionGuid = {7D644F71-00F1-45F7-98CA-10758B2D3A00}
	EndGlobalSection
EndGlobal
